
Microsoft Visual Studio Solution File, Format Version 12.00
# Visual Studio Version 16
VisualStudioVersion = 16.0.29911.84
MinimumVisualStudioVersion = 10.0.40219.1
Project("{9A19103F-16F7-4668-BE54-9A1E7A4F7556}") = "UnitTests.Learning.Business", "UnitTests.Learning.Business\UnitTests.Learning.Business.csproj", "{68D117BF-F3A8-4EF5-9E1E-9868AD85D67E}"
EndProject
Project("{9A19103F-16F7-4668-BE54-9A1E7A4F7556}") = "UnitTests.Learning.Business.Tests", "UnitTests.Learning.Business.Tests\UnitTests.Learning.Business.Tests.csproj", "{6DF61BDC-B6FA-4427-B8C8-4C2AA258F5B6}"
EndProject
Project("{9A19103F-16F7-4668-BE54-9A1E7A4F7556}") = "LogAnalyzer", "LogAnalyzer\LogAnalyzer.csproj", "{3A06AC11-0C67-4D81-97C7-71B08319F6B6}"
EndProject
Project("{9A19103F-16F7-4668-BE54-9A1E7A4F7556}") = "LogAn", "LogAn\LogAn.csproj", "{F870EABB-3AE8-4B4E-8693-B6287C30229B}"
EndProject
Project("{9A19103F-16F7-4668-BE54-9A1E7A4F7556}") = "Api", "Api\Api.csproj", "{24EB8578-B7BE-48FB-A67C-D2030425EA84}"
EndProject
Global
	GlobalSection(SolutionConfigurationPlatforms) = preSolution
		Debug|Any CPU = Debug|Any CPU
		Release|Any CPU = Release|Any CPU
	EndGlobalSection
	GlobalSection(ProjectConfigurationPlatforms) = postSolution
		{68D117BF-F3A8-4EF5-9E1E-9868AD85D67E}.Debug|Any CPU.ActiveCfg = Debug|Any CPU
		{68D117BF-F3A8-4EF5-9E1E-9868AD85D67E}.Debug|Any CPU.Build.0 = Debug|Any CPU
		{68D117BF-F3A8-4EF5-9E1E-9868AD85D67E}.Release|Any CPU.ActiveCfg = Release|Any CPU
		{68D117BF-F3A8-4EF5-9E1E-9868AD85D67E}.Release|Any CPU.Build.0 = Release|Any CPU
		{6DF61BDC-B6FA-4427-B8C8-4C2AA258F5B6}.Debug|Any CPU.ActiveCfg = Debug|Any CPU
		{6DF61BDC-B6FA-4427-B8C8-4C2AA258F5B6}.Debug|Any CPU.Build.0 = Debug|Any CPU
		{6DF61BDC-B6FA-4427-B8C8-4C2AA258F5B6}.Release|Any CPU.ActiveCfg = Release|Any CPU
		{6DF61BDC-B6FA-4427-B8C8-4C2AA258F5B6}.Release|Any CPU.Build.0 = Release|Any CPU
		{3A06AC11-0C67-4D81-97C7-71B08319F6B6}.Debug|Any CPU.ActiveCfg = Debug|Any CPU
		{3A06AC11-0C67-4D81-97C7-71B08319F6B6}.Debug|Any CPU.Build.0 = Debug|Any CPU
		{3A06AC11-0C67-4D81-97C7-71B08319F6B6}.Release|Any CPU.ActiveCfg = Release|Any CPU
		{3A06AC11-0C67-4D81-97C7-71B08319F6B6}.Release|Any CPU.Build.0 = Release|Any CPU
		{F870EABB-3AE8-4B4E-8693-B6287C30229B}.Debug|Any CPU.ActiveCfg = Debug|Any CPU
		{F870EABB-3AE8-4B4E-8693-B6287C30229B}.Debug|Any CPU.Build.0 = Debug|Any CPU
		{F870EABB-3AE8-4B4E-8693-B6287C30229B}.Release|Any CPU.ActiveCfg = Release|Any CPU
		{F870EABB-3AE8-4B4E-8693-B6287C30229B}.Release|Any CPU.Build.0 = Release|Any CPU
		{24EB8578-B7BE-48FB-A67C-D2030425EA84}.Debug|Any CPU.ActiveCfg = Debug|Any CPU
		{24EB8578-B7BE-48FB-A67C-D2030425EA84}.Debug|Any CPU.Build.0 = Debug|Any CPU
		{24EB8578-B7BE-48FB-A67C-D2030425EA84}.Release|Any CPU.ActiveCfg = Release|Any CPU
		{24EB8578-B7BE-48FB-A67C-D2030425EA84}.Release|Any CPU.Build.0 = Release|Any CPU
	EndGlobalSection
	GlobalSection(SolutionProperties) = preSolution
		HideSolutionNode = FALSE
	EndGlobalSection
	GlobalSection(ExtensibilityGlobals) = postSolution
		SolutionGuid = {05F46ECD-CEE1-460A-81A7-16FF453D8A53}
	EndGlobalSection
EndGlobal
